
Microsoft Visual Studio Solution File, Format Version 12.00
# Visual Studio 15
VisualStudioVersion = 15.0.27703.2047
MinimumVisualStudioVersion = 10.0.40219.1
Project("{FAE04EC0-301F-11D3-BF4B-00C04F79EFBC}") = "CoreTemp", "WindowsFormsApp1\CoreTemp.csproj", "{4F911A7F-57C2-4F15-8829-A5ED33D24875}"
EndProject
Global
	GlobalSection(SolutionConfigurationPlatforms) = preSolution
		Debug|Any CPU = Debug|Any CPU
		Release|Any CPU = Release|Any CPU
	EndGlobalSection
	GlobalSection(ProjectConfigurationPlatforms) = postSolution
		{4F911A7F-57C2-4F15-8829-A5ED33D24875}.Debug|Any CPU.ActiveCfg = Debug|Any CPU
		{4F911A7F-57C2-4F15-8829-A5ED33D24875}.Debug|Any CPU.Build.0 = Debug|Any CPU
		{4F911A7F-57C2-4F15-8829-A5ED33D24875}.Release|Any CPU.ActiveCfg = Release|Any CPU
		{4F911A7F-57C2-4F15-8829-A5ED33D24875}.Release|Any CPU.Build.0 = Release|Any CPU
	EndGlobalSection
	GlobalSection(SolutionProperties) = preSolution
		HideSolutionNode = FALSE
	EndGlobalSection
	GlobalSection(ExtensibilityGlobals) = postSolution
		SolutionGuid = {BC3DE197-6B5C-4644-8B0C-B8E6C1240EAF}
	EndGlobalSection
EndGlobal
